# This file is automatically @generated by Poetry 2.0.1 and should not be changed by hand.

[[package]]
name = "osbot-utils"
version = "3.71.0"
description = "OWASP Security Bot - Utils"
optional = false
python-versions = "<4.0,>=3.7"
groups = ["main"]
files = [
    {file = "osbot_utils-3.71.0-py3-none-any.whl", hash = "sha256:e9187ac517587a5df1be4a019072170dbe35fd4920a8915d54503c40d067d439"},
    {file = "osbot_utils-3.71.0.tar.gz", hash = "sha256:140bbe6482941d47c8dce6f625961544b6ea1083f95262896dc287dc0fe476ef"},
]

[metadata]
lock-version = "2.1"
python-versions = "^3.12"
content-hash = "a14ee3e5b3648ba0d3096f1a3767d72bfa08e1ea6a23777e94c6d7f96f84db4f"
