# This file is automatically @generated by Poetry 2.0.1 and should not be changed by hand.

[[package]]
name = "osbot-utils"
version = "3.72.0"
description = "OWASP Security Bot - Utils"
optional = false
python-versions = "<4.0,>=3.7"
groups = ["main"]
files = [
    {file = "osbot_utils-3.72.0-py3-none-any.whl", hash = "sha256:0dda6cdd3e0359d74e33ff63c30b7d2386fe099c021691c16ac0b0af144dfe6a"},
    {file = "osbot_utils-3.72.0.tar.gz", hash = "sha256:d8665738b228016d8d3e54b80298b278c3d75f66ef885fd3a7453fcd8cc84813"},
]

[metadata]
lock-version = "2.1"
python-versions = "^3.12"
content-hash = "a14ee3e5b3648ba0d3096f1a3767d72bfa08e1ea6a23777e94c6d7f96f84db4f"
