# This file is automatically @generated by Poetry 2.0.1 and should not be changed by hand.

[[package]]
name = "osbot-utils"
version = "3.53.0"
description = "OWASP Security Bot - Utils"
optional = false
python-versions = "<4.0,>=3.7"
groups = ["main"]
files = [
    {file = "osbot_utils-3.53.0-py3-none-any.whl", hash = "sha256:c5915397efb161c5554970696f9331bf09bb9bc7510507ab6495c30ae63cf91c"},
    {file = "osbot_utils-3.53.0.tar.gz", hash = "sha256:87401a18eb47f16a9e82f6f22d74638af07bc7fcbd80ccc4aa1394075a2cde2a"},
]

[metadata]
lock-version = "2.1"
python-versions = "^3.12"
content-hash = "a14ee3e5b3648ba0d3096f1a3767d72bfa08e1ea6a23777e94c6d7f96f84db4f"
